
Microsoft Visual Studio Solution File, Format Version 12.00
# Visual Studio Version 16
VisualStudioVersion = 16.0.30907.101
MinimumVisualStudioVersion = 10.0.40219.1
Project("{FAE04EC0-301F-11D3-BF4B-00C04F79EFBC}") = "LargePdf console", "LargePdf console\LargePdf console.csproj", "{B0CF5BD0-3D97-451E-828C-0E945904F3CA}"
EndProject
Global
	GlobalSection(SolutionConfigurationPlatforms) = preSolution
		Debug|Any CPU = Debug|Any CPU
		Debug|x64 = Debug|x64
		Release|Any CPU = Release|Any CPU
		Release|x64 = Release|x64
	EndGlobalSection
	GlobalSection(ProjectConfigurationPlatforms) = postSolution
		{B0CF5BD0-3D97-451E-828C-0E945904F3CA}.Debug|Any CPU.ActiveCfg = Debug|Any CPU
		{B0CF5BD0-3D97-451E-828C-0E945904F3CA}.Debug|Any CPU.Build.0 = Debug|Any CPU
		{B0CF5BD0-3D97-451E-828C-0E945904F3CA}.Debug|x64.ActiveCfg = Debug|x64
		{B0CF5BD0-3D97-451E-828C-0E945904F3CA}.Debug|x64.Build.0 = Debug|x64
		{B0CF5BD0-3D97-451E-828C-0E945904F3CA}.Release|Any CPU.ActiveCfg = Release|Any CPU
		{B0CF5BD0-3D97-451E-828C-0E945904F3CA}.Release|Any CPU.Build.0 = Release|Any CPU
		{B0CF5BD0-3D97-451E-828C-0E945904F3CA}.Release|x64.ActiveCfg = Release|x64
		{B0CF5BD0-3D97-451E-828C-0E945904F3CA}.Release|x64.Build.0 = Release|x64
	EndGlobalSection
	GlobalSection(SolutionProperties) = preSolution
		HideSolutionNode = FALSE
	EndGlobalSection
	GlobalSection(ExtensibilityGlobals) = postSolution
		SolutionGuid = {9ECD93C7-F3E0-444D-AD53-2467DB1BB3A2}
	EndGlobalSection
EndGlobal
